<?xml version="1.0" encoding="utf-8"?>
<Project ToolsVersion="4.0" xmlns="http://schemas.microsoft.com/developer/msbuild/2003">
  <ItemGroup>
    <Filter Include="win32">
      <UniqueIdentifier>{84a8ebd7-7cf0-47f6-b75e-d441df67da40}</UniqueIdentifier>
    </Filter>
    <Filter Include="resource">
      <UniqueIdentifier>{715254bc-d70b-4ec5-bf29-467dd3ace079}</UniqueIdentifier>
    </Filter>
    <Filter Include="src">
      <UniqueIdentifier>{bb6c862e-70e9-49d9-81b7-3829a6f50471}</UniqueIdentifier>
    </Filter>
    <Filter Include="src\Scene">
      <UniqueIdentifier>{9b386c02-aa60-4119-a103-9dfc6ac15eb1}</UniqueIdentifier>
    </Filter>
    <Filter Include="src\Scene\MenuScene">
      <UniqueIdentifier>{31747347-6fdb-4512-b274-f3dfde91298f}</UniqueIdentifier>
    </Filter>
    <Filter Include="src\Scene\IngameScene">
      <UniqueIdentifier>{33635bb1-0452-4424-ae9a-b9fff262b32f}</UniqueIdentifier>
    </Filter>
    <Filter Include="src\Scene\MenuScene\Layers">
      <UniqueIdentifier>{6bdd890f-a7cf-429e-95ad-72ae47bef79c}</UniqueIdentifier>
    </Filter>
    <Filter Include="src\Scene\IngameScene\Layers">
      <UniqueIdentifier>{d2c36168-f76c-4ed5-a098-51f13975805a}</UniqueIdentifier>
    </Filter>
    <Filter Include="src\Scene\IngameScene\Objects">
      <UniqueIdentifier>{65ecaa14-c48a-4e2f-9ba8-4605e93d587e}</UniqueIdentifier>
    </Filter>
    <Filter Include="src\Scene\MenuScene\Objects">
      <UniqueIdentifier>{dc4414d1-d1ec-449e-87b5-e17c36753cb1}</UniqueIdentifier>
    </Filter>
  </ItemGroup>
  <ItemGroup>
    <ClCompile Include="main.cpp">
      <Filter>win32</Filter>
    </ClCompile>
    <ClCompile Include="..\Classes\AppDelegate.cpp">
      <Filter>src</Filter>
    </ClCompile>
    <ClCompile Include="..\Classes\CreditsLayer.cpp">
      <Filter>src\Scene\MenuScene\Layers</Filter>
    </ClCompile>
    <ClCompile Include="..\Classes\LevelDecideA.cpp">
      <Filter>src\Scene\MenuScene\Layers</Filter>
    </ClCompile>
    <ClCompile Include="..\Classes\LevelDecideB.cpp">
      <Filter>src\Scene\MenuScene\Layers</Filter>
    </ClCompile>
    <ClCompile Include="..\Classes\MenuScene.cpp">
      <Filter>src\Scene\MenuScene\Layers</Filter>
    </ClCompile>
    <ClCompile Include="..\Classes\GameScene.cpp">
      <Filter>src\Scene\IngameScene\Layers</Filter>
    </ClCompile>
    <ClCompile Include="..\Classes\Brick.cpp">
      <Filter>src\Scene\IngameScene\Objects</Filter>
    </ClCompile>
    <ClCompile Include="..\Classes\LevelButton.cpp">
      <Filter>src\Scene\MenuScene\Objects</Filter>
    </ClCompile>
    <ClCompile Include="..\Classes\DecideHolder.cpp">
      <Filter>src\Scene\MenuScene\Objects</Filter>
    </ClCompile>
    <ClCompile Include="..\Classes\Character.cpp">
      <Filter>src\Scene\IngameScene\Objects</Filter>
    </ClCompile>
    <ClCompile Include="..\Classes\GameObject.cpp">
      <Filter>src\Scene\IngameScene\Objects</Filter>
    </ClCompile>
    <ClCompile Include="..\Classes\ColoringPallet.cpp">
      <Filter>src\Scene\IngameScene\Objects</Filter>
    </ClCompile>
    <ClCompile Include="..\Classes\Bullet.cpp">
      <Filter>src\Scene\IngameScene\Objects</Filter>
    </ClCompile>
    <ClCompile Include="..\Classes\StageTable.cpp">
      <Filter>src\Scene\IngameScene\Objects</Filter>
    </ClCompile>
  </ItemGroup>
  <ItemGroup>
    <ClInclude Include="main.h">
      <Filter>win32</Filter>
    </ClInclude>
    <ClInclude Include="..\Classes\AppDelegate.h">
      <Filter>src</Filter>
    </ClInclude>
    <ClInclude Include="..\Classes\CreditsLayer.h">
      <Filter>src\Scene\MenuScene\Layers</Filter>
    </ClInclude>
    <ClInclude Include="..\Classes\LevelDecideA.h">
      <Filter>src\Scene\MenuScene\Layers</Filter>
    </ClInclude>
    <ClInclude Include="..\Classes\LevelDecideB.h">
      <Filter>src\Scene\MenuScene\Layers</Filter>
    </ClInclude>
    <ClInclude Include="..\Classes\MenuScene.h">
      <Filter>src\Scene\MenuScene\Layers</Filter>
    </ClInclude>
    <ClInclude Include="..\Classes\GameScene.h">
      <Filter>src\Scene\IngameScene\Layers</Filter>
    </ClInclude>
    <ClInclude Include="..\Classes\Brick.h">
      <Filter>src\Scene\IngameScene\Objects</Filter>
    </ClInclude>
    <ClInclude Include="..\Classes\DecideHolder.h">
      <Filter>src\Scene\MenuScene\Objects</Filter>
    </ClInclude>
    <ClInclude Include="..\Classes\LevelButton.h">
      <Filter>src\Scene\MenuScene\Objects</Filter>
    </ClInclude>
    <ClInclude Include="..\Classes\Character.h">
      <Filter>src\Scene\IngameScene\Objects</Filter>
    </ClInclude>
    <ClInclude Include="..\Classes\GameObject.h">
      <Filter>src\Scene\IngameScene\Objects</Filter>
    </ClInclude>
    <ClInclude Include="..\Classes\ColoringPallet.h">
      <Filter>src\Scene\IngameScene\Objects</Filter>
    </ClInclude>
    <ClInclude Include="..\Classes\Bullet.h">
      <Filter>src\Scene\IngameScene\Objects</Filter>
    </ClInclude>
    <ClInclude Include="..\Classes\StageTable.h">
      <Filter>src\Scene\IngameScene\Objects</Filter>
    </ClInclude>
  </ItemGroup>
  <ItemGroup>
    <ResourceCompile Include="game.rc">
      <Filter>resource</Filter>
    </ResourceCompile>
  </ItemGroup>
</Project>